// !$*UTF8*$!
{
	archiveVersion = 1;
	classes = {
	};
	objectVersion = 50;
	objects = {

/* Begin PBXBuildFile section */
		B524296A251D267500290C94 /* NewsViewModel.swift in Sources */ = {isa = PBXBuildFile; fileRef = B5242969251D267500290C94 /* NewsViewModel.swift */; };
		B524296C251D28D000290C94 /* NewsListVM.swift in Sources */ = {isa = PBXBuildFile; fileRef = B524296B251D28D000290C94 /* NewsListVM.swift */; };
		B5954F16251A52CB00802259 /* AppDelegate.swift in Sources */ = {isa = PBXBuildFile; fileRef = B5954F15251A52CB00802259 /* AppDelegate.swift */; };
		B5954F18251A52CB00802259 /* SceneDelegate.swift in Sources */ = {isa = PBXBuildFile; fileRef = B5954F17251A52CB00802259 /* SceneDelegate.swift */; };
		B5954F1A251A52CB00802259 /* ContentView.swift in Sources */ = {isa = PBXBuildFile; fileRef = B5954F19251A52CB00802259 /* ContentView.swift */; };
		B5954F1C251A52CE00802259 /* Assets.xcassets in Resources */ = {isa = PBXBuildFile; fileRef = B5954F1B251A52CE00802259 /* Assets.xcassets */; };
		B5954F1F251A52CE00802259 /* Preview Assets.xcassets in Resources */ = {isa = PBXBuildFile; fileRef = B5954F1E251A52CE00802259 /* Preview Assets.xcassets */; };
		B5954F22251A52CE00802259 /* LaunchScreen.storyboard in Resources */ = {isa = PBXBuildFile; fileRef = B5954F20251A52CE00802259 /* LaunchScreen.storyboard */; };
		B5954F2D251A54AD00802259 /* Default-568h@2x.png in Resources */ = {isa = PBXBuildFile; fileRef = B5954F2C251A54AD00802259 /* Default-568h@2x.png */; };
		B5954F32251A588100802259 /* News.swift in Sources */ = {isa = PBXBuildFile; fileRef = B5954F31251A588100802259 /* News.swift */; };
		B5954F35251A5DE400802259 /* API.swift in Sources */ = {isa = PBXBuildFile; fileRef = B5954F34251A5DE400802259 /* API.swift */; };
		B5954F38251A5F6A00802259 /* NetworkManager.swift in Sources */ = {isa = PBXBuildFile; fileRef = B5954F37251A5F6A00802259 /* NetworkManager.swift */; };
/* End PBXBuildFile section */

/* Begin PBXFileReference section */
		B5242969251D267500290C94 /* NewsViewModel.swift */ = {isa = PBXFileReference; lastKnownFileType = sourcecode.swift; path = NewsViewModel.swift; sourceTree = "<group>"; };
		B524296B251D28D000290C94 /* NewsListVM.swift */ = {isa = PBXFileReference; lastKnownFileType = sourcecode.swift; path = NewsListVM.swift; sourceTree = "<group>"; };
		B5954F12251A52CB00802259 /* NewsApp.app */ = {isa = PBXFileReference; explicitFileType = wrapper.application; includeInIndex = 0; path = NewsApp.app; sourceTree = BUILT_PRODUCTS_DIR; };
		B5954F15251A52CB00802259 /* AppDelegate.swift */ = {isa = PBXFileReference; lastKnownFileType = sourcecode.swift; path = AppDelegate.swift; sourceTree = "<group>"; };
		B5954F17251A52CB00802259 /* SceneDelegate.swift */ = {isa = PBXFileReference; lastKnownFileType = sourcecode.swift; path = SceneDelegate.swift; sourceTree = "<group>"; };
		B5954F19251A52CB00802259 /* ContentView.swift */ = {isa = PBXFileReference; lastKnownFileType = sourcecode.swift; path = ContentView.swift; sourceTree = "<group>"; };
		B5954F1B251A52CE00802259 /* Assets.xcassets */ = {isa = PBXFileReference; lastKnownFileType = folder.assetcatalog; path = Assets.xcassets; sourceTree = "<group>"; };
		B5954F1E251A52CE00802259 /* Preview Assets.xcassets */ = {isa = PBXFileReference; lastKnownFileType = folder.assetcatalog; path = "Preview Assets.xcassets"; sourceTree = "<group>"; };
		B5954F21251A52CE00802259 /* Base */ = {isa = PBXFileReference; lastKnownFileType = file.storyboard; name = Base; path = Base.lproj/LaunchScreen.storyboard; sourceTree = "<group>"; };
		B5954F23251A52CE00802259 /* Info.plist */ = {isa = PBXFileReference; lastKnownFileType = text.plist.xml; path = Info.plist; sourceTree = "<group>"; };
		B5954F2C251A54AD00802259 /* Default-568h@2x.png */ = {isa = PBXFileReference; lastKnownFileType = image.png; path = "Default-568h@2x.png"; sourceTree = "<group>"; };
		B5954F31251A588100802259 /* News.swift */ = {isa = PBXFileReference; lastKnownFileType = sourcecode.swift; path = News.swift; sourceTree = "<group>"; };
		B5954F34251A5DE400802259 /* API.swift */ = {isa = PBXFileReference; lastKnownFileType = sourcecode.swift; path = API.swift; sourceTree = "<group>"; };
		B5954F37251A5F6A00802259 /* NetworkManager.swift */ = {isa = PBXFileReference; lastKnownFileType = sourcecode.swift; path = NetworkManager.swift; sourceTree = "<group>"; };
/* End PBXFileReference section */

/* Begin PBXFrameworksBuildPhase section */
		B5954F0F251A52CB00802259 /* Frameworks */ = {
			isa = PBXFrameworksBuildPhase;
			buildActionMask = 2147483647;
			files = (
			);
			runOnlyForDeploymentPostprocessing = 0;
		};
/* End PBXFrameworksBuildPhase section */

/* Begin PBXGroup section */
		B5954F09251A52CB00802259 = {
			isa = PBXGroup;
			children = (
				B5954F23251A52CE00802259 /* Info.plist */,
				B5954F2C251A54AD00802259 /* Default-568h@2x.png */,
				B5954F14251A52CB00802259 /* NewsApp */,
				B5954F13251A52CB00802259 /* Products */,
			);
			sourceTree = "<group>";
		};
		B5954F13251A52CB00802259 /* Products */ = {
			isa = PBXGroup;
			children = (
				B5954F12251A52CB00802259 /* NewsApp.app */,
			);
			name = Products;
			sourceTree = "<group>";
		};
		B5954F14251A52CB00802259 /* NewsApp */ = {
			isa = PBXGroup;
			children = (
				B5954F36251A5F2700802259 /* Services */,
				B5954F33251A5DCD00802259 /* Config */,
				B5954F2E251A54B400802259 /* Views */,
				B5954F2B251A549700802259 /* ViewModels */,
				B5954F2A251A547600802259 /* Models */,
				B5954F29251A534A00802259 /* AppRelated */,
				B5954F1D251A52CE00802259 /* Preview Content */,
			);
			path = NewsApp;
			sourceTree = "<group>";
		};
		B5954F1D251A52CE00802259 /* Preview Content */ = {
			isa = PBXGroup;
			children = (
				B5954F1E251A52CE00802259 /* Preview Assets.xcassets */,
			);
			path = "Preview Content";
			sourceTree = "<group>";
		};
		B5954F29251A534A00802259 /* AppRelated */ = {
			isa = PBXGroup;
			children = (
				B5954F17251A52CB00802259 /* SceneDelegate.swift */,
				B5954F15251A52CB00802259 /* AppDelegate.swift */,
				B5954F1B251A52CE00802259 /* Assets.xcassets */,
				B5954F20251A52CE00802259 /* LaunchScreen.storyboard */,
			);
			path = AppRelated;
			sourceTree = "<group>";
		};
		B5954F2A251A547600802259 /* Models */ = {
			isa = PBXGroup;
			children = (
				B5954F31251A588100802259 /* News.swift */,
			);
			path = Models;
			sourceTree = "<group>";
		};
		B5954F2B251A549700802259 /* ViewModels */ = {
			isa = PBXGroup;
			children = (
				B5242969251D267500290C94 /* NewsViewModel.swift */,
				B524296B251D28D000290C94 /* NewsListVM.swift */,
			);
			path = ViewModels;
			sourceTree = "<group>";
		};
		B5954F2E251A54B400802259 /* Views */ = {
			isa = PBXGroup;
			children = (
				B5954F19251A52CB00802259 /* ContentView.swift */,
			);
			path = Views;
			sourceTree = "<group>";
		};
		B5954F33251A5DCD00802259 /* Config */ = {
			isa = PBXGroup;
			children = (
				B5954F34251A5DE400802259 /* API.swift */,
			);
			path = Config;
			sourceTree = "<group>";
		};
		B5954F36251A5F2700802259 /* Services */ = {
			isa = PBXGroup;
			children = (
				B5954F37251A5F6A00802259 /* NetworkManager.swift */,
			);
			path = Services;
			sourceTree = "<group>";
		};
/* End PBXGroup section */

/* Begin PBXNativeTarget section */
		B5954F11251A52CB00802259 /* NewsApp */ = {
			isa = PBXNativeTarget;
			buildConfigurationList = B5954F26251A52CE00802259 /* Build configuration list for PBXNativeTarget "NewsApp" */;
			buildPhases = (
				B5954F0E251A52CB00802259 /* Sources */,
				B5954F0F251A52CB00802259 /* Frameworks */,
				B5954F10251A52CB00802259 /* Resources */,
			);
			buildRules = (
			);
			dependencies = (
			);
			name = NewsApp;
			productName = NewsApp;
			productReference = B5954F12251A52CB00802259 /* NewsApp.app */;
			productType = "com.apple.product-type.application";
		};
/* End PBXNativeTarget section */

/* Begin PBXProject section */
		B5954F0A251A52CB00802259 /* Project object */ = {
			isa = PBXProject;
			attributes = {
				LastSwiftUpdateCheck = 1160;
				LastUpgradeCheck = 1160;
				ORGANIZATIONNAME = CreatesApp;
				TargetAttributes = {
					B5954F11251A52CB00802259 = {
						CreatedOnToolsVersion = 11.6;
					};
				};
			};
			buildConfigurationList = B5954F0D251A52CB00802259 /* Build configuration list for PBXProject "NewsApp" */;
			compatibilityVersion = "Xcode 9.3";
			developmentRegion = en;
			hasScannedForEncodings = 0;
			knownRegions = (
				en,
				Base,
			);
			mainGroup = B5954F09251A52CB00802259;
			productRefGroup = B5954F13251A52CB00802259 /* Products */;
			projectDirPath = "";
			projectRoot = "";
			targets = (
				B5954F11251A52CB00802259 /* NewsApp */,
			);
		};
/* End PBXProject section */

/* Begin PBXResourcesBuildPhase section */
		B5954F10251A52CB00802259 /* Resources */ = {
			isa = PBXResourcesBuildPhase;
			buildActionMask = 2147483647;
			files = (
				B5954F22251A52CE00802259 /* LaunchScreen.storyboard in Resources */,
				B5954F2D251A54AD00802259 /* Default-568h@2x.png in Resources */,
				B5954F1F251A52CE00802259 /* Preview Assets.xcassets in Resources */,
				B5954F1C251A52CE00802259 /* Assets.xcassets in Resources */,
			);
			runOnlyForDeploymentPostprocessing = 0;
		};
/* End PBXResourcesBuildPhase section */

/* Begin PBXSourcesBuildPhase section */
		B5954F0E251A52CB00802259 /* Sources */ = {
			isa = PBXSourcesBuildPhase;
			buildActionMask = 2147483647;
			files = (
				B5954F38251A5F6A00802259 /* NetworkManager.swift in Sources */,
				B5954F16251A52CB00802259 /* AppDelegate.swift in Sources */,
				B5954F18251A52CB00802259 /* SceneDelegate.swift in Sources */,
				B5954F32251A588100802259 /* News.swift in Sources */,
				B524296A251D267500290C94 /* NewsViewModel.swift in Sources */,
				B5954F1A251A52CB00802259 /* ContentView.swift in Sources */,
				B5954F35251A5DE400802259 /* API.swift in Sources */,
				B524296C251D28D000290C94 /* NewsListVM.swift in Sources */,
			);
			runOnlyForDeploymentPostprocessing = 0;
		};
/* End PBXSourcesBuildPhase section */

/* Begin PBXVariantGroup section */
		B5954F20251A52CE00802259 /* LaunchScreen.storyboard */ = {
			isa = PBXVariantGroup;
			children = (
				B5954F21251A52CE00802259 /* Base */,
			);
			name = LaunchScreen.storyboard;
			sourceTree = "<group>";
		};
/* End PBXVariantGroup section */

/* Begin XCBuildConfiguration section */
		B5954F24251A52CE00802259 /* Debug */ = {
			isa = XCBuildConfiguration;
			buildSettings = {
				ALWAYS_SEARCH_USER_PATHS = NO;
				CLANG_ANALYZER_NONNULL = YES;
				CLANG_ANALYZER_NUMBER_OBJECT_CONVERSION = YES_AGGRESSIVE;
				CLANG_CXX_LANGUAGE_STANDARD = "gnu++14";
				CLANG_CXX_LIBRARY = "libc++";
				CLANG_ENABLE_MODULES = YES;
				CLANG_ENABLE_OBJC_ARC = YES;
				CLANG_ENABLE_OBJC_WEAK = YES;
				CLANG_WARN_BLOCK_CAPTURE_AUTORELEASING = YES;
				CLANG_WARN_BOOL_CONVERSION = YES;
				CLANG_WARN_COMMA = YES;
				CLANG_WARN_CONSTANT_CONVERSION = YES;
				CLANG_WARN_DEPRECATED_OBJC_IMPLEMENTATIONS = YES;
				CLANG_WARN_DIRECT_OBJC_ISA_USAGE = YES_ERROR;
				CLANG_WARN_DOCUMENTATION_COMMENTS = YES;
				CLANG_WARN_EMPTY_BODY = YES;
				CLANG_WARN_ENUM_CONVERSION = YES;
				CLANG_WARN_INFINITE_RECURSION = YES;
				CLANG_WARN_INT_CONVERSION = YES;
				CLANG_WARN_NON_LITERAL_NULL_CONVERSION = YES;
				CLANG_WARN_OBJC_IMPLICIT_RETAIN_SELF = YES;
				CLANG_WARN_OBJC_LITERAL_CONVERSION = YES;
				CLANG_WARN_OBJC_ROOT_CLASS = YES_ERROR;
				CLANG_WARN_RANGE_LOOP_ANALYSIS = YES;
				CLANG_WARN_STRICT_PROTOTYPES = YES;
				CLANG_WARN_SUSPICIOUS_MOVE = YES;
				CLANG_WARN_UNGUARDED_AVAILABILITY = YES_AGGRESSIVE;
				CLANG_WARN_UNREACHABLE_CODE = YES;
				CLANG_WARN__DUPLICATE_METHOD_MATCH = YES;
				COPY_PHASE_STRIP = NO;
				DEBUG_INFORMATION_FORMAT = dwarf;
				ENABLE_STRICT_OBJC_MSGSEND = YES;
				ENABLE_TESTABILITY = YES;
				GCC_C_LANGUAGE_STANDARD = gnu11;
				GCC_DYNAMIC_NO_PIC = NO;
				GCC_NO_COMMON_BLOCKS = YES;
				GCC_OPTIMIZATION_LEVEL = 0;
				GCC_PREPROCESSOR_DEFINITIONS = (
					"DEBUG=1",
					"$(inherited)",
				);
				GCC_WARN_64_TO_32_BIT_CONVERSION = YES;
				GCC_WARN_ABOUT_RETURN_TYPE = YES_ERROR;
				GCC_WARN_UNDECLARED_SELECTOR = YES;
				GCC_WARN_UNINITIALIZED_AUTOS = YES_AGGRESSIVE;
				GCC_WARN_UNUSED_FUNCTION = YES;
				GCC_WARN_UNUSED_VARIABLE = YES;
				IPHONEOS_DEPLOYMENT_TARGET = 13.6;
				MTL_ENABLE_DEBUG_INFO = INCLUDE_SOURCE;
				MTL_FAST_MATH = YES;
				ONLY_ACTIVE_ARCH = YES;
				SDKROOT = iphoneos;
				SWIFT_ACTIVE_COMPILATION_CONDITIONS = DEBUG;
				SWIFT_OPTIMIZATION_LEVEL = "-Onone";
			};
			name = Debug;
		};
		B5954F25251A52CE00802259 /* Release */ = {
			isa = XCBuildConfiguration;
			buildSettings = {
				ALWAYS_SEARCH_USER_PATHS = NO;
				CLANG_ANALYZER_NONNULL = YES;
				CLANG_ANALYZER_NUMBER_OBJECT_CONVERSION = YES_AGGRESSIVE;
				CLANG_CXX_LANGUAGE_STANDARD = "gnu++14";
				CLANG_CXX_LIBRARY = "libc++";
				CLANG_ENABLE_MODULES = YES;
				CLANG_ENABLE_OBJC_ARC = YES;
				CLANG_ENABLE_OBJC_WEAK = YES;
				CLANG_WARN_BLOCK_CAPTURE_AUTORELEASING = YES;
				CLANG_WARN_BOOL_CONVERSION = YES;
				CLANG_WARN_COMMA = YES;
				CLANG_WARN_CONSTANT_CONVERSION = YES;
				CLANG_WARN_DEPRECATED_OBJC_IMPLEMENTATIONS = YES;
				CLANG_WARN_DIRECT_OBJC_ISA_USAGE = YES_ERROR;
				CLANG_WARN_DOCUMENTATION_COMMENTS = YES;
				CLANG_WARN_EMPTY_BODY = YES;
				CLANG_WARN_ENUM_CONVERSION = YES;
				CLANG_WARN_INFINITE_RECURSION = YES;
				CLANG_WARN_INT_CONVERSION = YES;
				CLANG_WARN_NON_LITERAL_NULL_CONVERSION = YES;
				CLANG_WARN_OBJC_IMPLICIT_RETAIN_SELF = YES;
				CLANG_WARN_OBJC_LITERAL_CONVERSION = YES;
				CLANG_WARN_OBJC_ROOT_CLASS = YES_ERROR;
				CLANG_WARN_RANGE_LOOP_ANALYSIS = YES;
				CLANG_WARN_STRICT_PROTOTYPES = YES;
				CLANG_WARN_SUSPICIOUS_MOVE = YES;
				CLANG_WARN_UNGUARDED_AVAILABILITY = YES_AGGRESSIVE;
				CLANG_WARN_UNREACHABLE_CODE = YES;
				CLANG_WARN__DUPLICATE_METHOD_MATCH = YES;
				COPY_PHASE_STRIP = NO;
				DEBUG_INFORMATION_FORMAT = "dwarf-with-dsym";
				ENABLE_NS_ASSERTIONS = NO;
				ENABLE_STRICT_OBJC_MSGSEND = YES;
				GCC_C_LANGUAGE_STANDARD = gnu11;
				GCC_NO_COMMON_BLOCKS = YES;
				GCC_WARN_64_TO_32_BIT_CONVERSION = YES;
				GCC_WARN_ABOUT_RETURN_TYPE = YES_ERROR;
				GCC_WARN_UNDECLARED_SELECTOR = YES;
				GCC_WARN_UNINITIALIZED_AUTOS = YES_AGGRESSIVE;
				GCC_WARN_UNUSED_FUNCTION = YES;
				GCC_WARN_UNUSED_VARIABLE = YES;
				IPHONEOS_DEPLOYMENT_TARGET = 13.6;
				MTL_ENABLE_DEBUG_INFO = NO;
				MTL_FAST_MATH = YES;
				SDKROOT = iphoneos;
				SWIFT_COMPILATION_MODE = wholemodule;
				SWIFT_OPTIMIZATION_LEVEL = "-O";
				VALIDATE_PRODUCT = YES;
			};
			name = Release;
		};
		B5954F27251A52CE00802259 /* Debug */ = {
			isa = XCBuildConfiguration;
			buildSettings = {
				ASSETCATALOG_COMPILER_APPICON_NAME = AppIcon;
				CODE_SIGN_STYLE = Automatic;
				DEVELOPMENT_ASSET_PATHS = "\"NewsApp/Preview Content\"";
				ENABLE_PREVIEWS = YES;
				INFOPLIST_FILE = NewsApp/Info.plist;
				LD_RUNPATH_SEARCH_PATHS = (
					"$(inherited)",
					"@executable_path/Frameworks",
				);
				PRODUCT_BUNDLE_IDENTIFIER = com.createsapp.NewsApp;
				PRODUCT_NAME = "$(TARGET_NAME)";
				SWIFT_VERSION = 5.0;
				TARGETED_DEVICE_FAMILY = "1,2";
			};
			name = Debug;
		};
		B5954F28251A52CE00802259 /* Release */ = {
			isa = XCBuildConfiguration;
			buildSettings = {
				ASSETCATALOG_COMPILER_APPICON_NAME = AppIcon;
				CODE_SIGN_STYLE = Automatic;
				DEVELOPMENT_ASSET_PATHS = "\"NewsApp/Preview Content\"";
				ENABLE_PREVIEWS = YES;
				INFOPLIST_FILE = NewsApp/Info.plist;
				LD_RUNPATH_SEARCH_PATHS = (
					"$(inherited)",
					"@executable_path/Frameworks",
				);
				PRODUCT_BUNDLE_IDENTIFIER = com.createsapp.NewsApp;
				PRODUCT_NAME = "$(TARGET_NAME)";
				SWIFT_VERSION = 5.0;
				TARGETED_DEVICE_FAMILY = "1,2";
			};
			name = Release;
		};
/* End XCBuildConfiguration section */

/* Begin XCConfigurationList section */
		B5954F0D251A52CB00802259 /* Build configuration list for PBXProject "NewsApp" */ = {
			isa = XCConfigurationList;
			buildConfigurations = (
				B5954F24251A52CE00802259 /* Debug */,
				B5954F25251A52CE00802259 /* Release */,
			);
			defaultConfigurationIsVisible = 0;
			defaultConfigurationName = Release;
		};
		B5954F26251A52CE00802259 /* Build configuration list for PBXNativeTarget "NewsApp" */ = {
			isa = XCConfigurationList;
			buildConfigurations = (
				B5954F27251A52CE00802259 /* Debug */,
				B5954F28251A52CE00802259 /* Release */,
			);
			defaultConfigurationIsVisible = 0;
			defaultConfigurationName = Release;
		};
/* End XCConfigurationList section */
	};
	rootObject = B5954F0A251A52CB00802259 /* Project object */;
}
